
Microsoft Visual Studio Solution File, Format Version 12.00
# Visual Studio Version 17
VisualStudioVersion = 17.3.32922.545
MinimumVisualStudioVersion = 10.0.40219.1
Project("{FAE04EC0-301F-11D3-BF4B-00C04F79EFBC}") = "RestApi", "RestApi\RestApi.csproj", "{A3DBB8F3-DF61-42ED-81BF-0AB1E38B5CCF}"
EndProject
Project("{FAE04EC0-301F-11D3-BF4B-00C04F79EFBC}") = "TestRestApi", "TestRestApi\TestRestApi.csproj", "{8B86B2EF-35D0-4E6A-9735-D290167753D7}"
EndProject
Global
	GlobalSection(SolutionConfigurationPlatforms) = preSolution
		Debug|Any CPU = Debug|Any CPU
		Release|Any CPU = Release|Any CPU
	EndGlobalSection
	GlobalSection(ProjectConfigurationPlatforms) = postSolution
		{A3DBB8F3-DF61-42ED-81BF-0AB1E38B5CCF}.Debug|Any CPU.ActiveCfg = Debug|Any CPU
		{A3DBB8F3-DF61-42ED-81BF-0AB1E38B5CCF}.Debug|Any CPU.Build.0 = Debug|Any CPU
		{A3DBB8F3-DF61-42ED-81BF-0AB1E38B5CCF}.Release|Any CPU.ActiveCfg = Release|Any CPU
		{A3DBB8F3-DF61-42ED-81BF-0AB1E38B5CCF}.Release|Any CPU.Build.0 = Release|Any CPU
		{8B86B2EF-35D0-4E6A-9735-D290167753D7}.Debug|Any CPU.ActiveCfg = Debug|Any CPU
		{8B86B2EF-35D0-4E6A-9735-D290167753D7}.Debug|Any CPU.Build.0 = Debug|Any CPU
		{8B86B2EF-35D0-4E6A-9735-D290167753D7}.Release|Any CPU.ActiveCfg = Release|Any CPU
		{8B86B2EF-35D0-4E6A-9735-D290167753D7}.Release|Any CPU.Build.0 = Release|Any CPU
	EndGlobalSection
	GlobalSection(SolutionProperties) = preSolution
		HideSolutionNode = FALSE
	EndGlobalSection
	GlobalSection(ExtensibilityGlobals) = postSolution
		SolutionGuid = {51A49959-818C-42F3-9472-B6A4D570CCC0}
	EndGlobalSection
EndGlobal
